
Microsoft Visual Studio Solution File, Format Version 12.00
# Visual Studio Version 17
VisualStudioVersion = 17.0.31903.59
MinimumVisualStudioVersion = 10.0.40219.1
Project("{FAE04EC0-301F-11D3-BF4B-00C04F79EFBC}") = "WomenClothingStore.Web", "WomenClothingStore.Web\WomenClothingStore.Web.csproj", "{1C7D7F99-5687-41F5-9AFA-99147A782DED}"
EndProject
Project("{FAE04EC0-301F-11D3-BF4B-00C04F79EFBC}") = "WomenClothingStore.Domain", "WomenClothingStore.Domain\WomenClothingStore.Domain.csproj", "{ECE44532-5C0A-4273-8EE4-FCF096037E29}"
EndProject
Project("{FAE04EC0-301F-11D3-BF4B-00C04F79EFBC}") = "WomenClothingStore.Infrastructure", "WomenClothingStore.Infrastructure\WomenClothingStore.Infrastructure.csproj", "{A91F3B1B-ACF3-457D-895F-793AE408CD95}"
EndProject
Global
	GlobalSection(SolutionConfigurationPlatforms) = preSolution
		Debug|Any CPU = Debug|Any CPU
		Debug|x64 = Debug|x64
		Debug|x86 = Debug|x86
		Release|Any CPU = Release|Any CPU
		Release|x64 = Release|x64
		Release|x86 = Release|x86
	EndGlobalSection
	GlobalSection(ProjectConfigurationPlatforms) = postSolution
		{1C7D7F99-5687-41F5-9AFA-99147A782DED}.Debug|Any CPU.ActiveCfg = Debug|Any CPU
		{1C7D7F99-5687-41F5-9AFA-99147A782DED}.Debug|Any CPU.Build.0 = Debug|Any CPU
		{1C7D7F99-5687-41F5-9AFA-99147A782DED}.Debug|x64.ActiveCfg = Debug|Any CPU
		{1C7D7F99-5687-41F5-9AFA-99147A782DED}.Debug|x64.Build.0 = Debug|Any CPU
		{1C7D7F99-5687-41F5-9AFA-99147A782DED}.Debug|x86.ActiveCfg = Debug|Any CPU
		{1C7D7F99-5687-41F5-9AFA-99147A782DED}.Debug|x86.Build.0 = Debug|Any CPU
		{1C7D7F99-5687-41F5-9AFA-99147A782DED}.Release|Any CPU.ActiveCfg = Release|Any CPU
		{1C7D7F99-5687-41F5-9AFA-99147A782DED}.Release|Any CPU.Build.0 = Release|Any CPU
		{1C7D7F99-5687-41F5-9AFA-99147A782DED}.Release|x64.ActiveCfg = Release|Any CPU
		{1C7D7F99-5687-41F5-9AFA-99147A782DED}.Release|x64.Build.0 = Release|Any CPU
		{1C7D7F99-5687-41F5-9AFA-99147A782DED}.Release|x86.ActiveCfg = Release|Any CPU
		{1C7D7F99-5687-41F5-9AFA-99147A782DED}.Release|x86.Build.0 = Release|Any CPU
		{ECE44532-5C0A-4273-8EE4-FCF096037E29}.Debug|Any CPU.ActiveCfg = Debug|Any CPU
		{ECE44532-5C0A-4273-8EE4-FCF096037E29}.Debug|Any CPU.Build.0 = Debug|Any CPU
		{ECE44532-5C0A-4273-8EE4-FCF096037E29}.Debug|x64.ActiveCfg = Debug|Any CPU
		{ECE44532-5C0A-4273-8EE4-FCF096037E29}.Debug|x64.Build.0 = Debug|Any CPU
		{ECE44532-5C0A-4273-8EE4-FCF096037E29}.Debug|x86.ActiveCfg = Debug|Any CPU
		{ECE44532-5C0A-4273-8EE4-FCF096037E29}.Debug|x86.Build.0 = Debug|Any CPU
		{ECE44532-5C0A-4273-8EE4-FCF096037E29}.Release|Any CPU.ActiveCfg = Release|Any CPU
		{ECE44532-5C0A-4273-8EE4-FCF096037E29}.Release|Any CPU.Build.0 = Release|Any CPU
		{ECE44532-5C0A-4273-8EE4-FCF096037E29}.Release|x64.ActiveCfg = Release|Any CPU
		{ECE44532-5C0A-4273-8EE4-FCF096037E29}.Release|x64.Build.0 = Release|Any CPU
		{ECE44532-5C0A-4273-8EE4-FCF096037E29}.Release|x86.ActiveCfg = Release|Any CPU
		{ECE44532-5C0A-4273-8EE4-FCF096037E29}.Release|x86.Build.0 = Release|Any CPU
		{A91F3B1B-ACF3-457D-895F-793AE408CD95}.Debug|Any CPU.ActiveCfg = Debug|Any CPU
		{A91F3B1B-ACF3-457D-895F-793AE408CD95}.Debug|Any CPU.Build.0 = Debug|Any CPU
		{A91F3B1B-ACF3-457D-895F-793AE408CD95}.Debug|x64.ActiveCfg = Debug|Any CPU
		{A91F3B1B-ACF3-457D-895F-793AE408CD95}.Debug|x64.Build.0 = Debug|Any CPU
		{A91F3B1B-ACF3-457D-895F-793AE408CD95}.Debug|x86.ActiveCfg = Debug|Any CPU
		{A91F3B1B-ACF3-457D-895F-793AE408CD95}.Debug|x86.Build.0 = Debug|Any CPU
		{A91F3B1B-ACF3-457D-895F-793AE408CD95}.Release|Any CPU.ActiveCfg = Release|Any CPU
		{A91F3B1B-ACF3-457D-895F-793AE408CD95}.Release|Any CPU.Build.0 = Release|Any CPU
		{A91F3B1B-ACF3-457D-895F-793AE408CD95}.Release|x64.ActiveCfg = Release|Any CPU
		{A91F3B1B-ACF3-457D-895F-793AE408CD95}.Release|x64.Build.0 = Release|Any CPU
		{A91F3B1B-ACF3-457D-895F-793AE408CD95}.Release|x86.ActiveCfg = Release|Any CPU
		{A91F3B1B-ACF3-457D-895F-793AE408CD95}.Release|x86.Build.0 = Release|Any CPU
	EndGlobalSection
	GlobalSection(SolutionProperties) = preSolution
		HideSolutionNode = FALSE
	EndGlobalSection
EndGlobal
